{
  "name": "@cep/policy-resolver",
  "version": "0.1.0",
  "lockfileVersion": 3,
  "requires": true,
  "packages": {
    "": {
      "name": "@cep/policy-resolver",
      "version": "0.1.0",
      "license": "UNLICENSED",
      "dependencies": {
        "@cep/assessment-core": "file:../assessment-core",
        "@cep/rule-engine": "file:../rule-engine"
      }
    },
    "../assessment-core": {
      "name": "@cep/assessment-core",
      "version": "0.1.0",
      "license": "UNLICENSED"
    },
    "../rule-engine": {
      "name": "@cep/rule-engine",
      "version": "0.1.0",
      "license": "UNLICENSED",
      "dependencies": {
        "@cep/assessment-core": "file:../assessment-core",
        "@cep/evidence-manager": "file:../evidence-manager"
      }
    },
    "node_modules/@cep/assessment-core": {
      "resolved": "../assessment-core",
      "link": true
    },
    "node_modules/@cep/rule-engine": {
      "resolved": "../rule-engine",
      "link": true
    }
  }
}
