{
  "name": "@cep/api-sdk",
  "version": "0.1.0",
  "lockfileVersion": 3,
  "requires": true,
  "packages": {
    "": {
      "name": "@cep/api-sdk",
      "version": "0.1.0",
      "license": "UNLICENSED",
      "dependencies": {
        "@cep/platform-orchestrator": "file:../platform-orchestrator",
        "@cep/provider-gateway": "file:../provider-gateway",
        "@cep/repository-gateway": "file:../repository-gateway"
      }
    },
    "../platform-orchestrator": {
      "name": "@cep/platform-orchestrator",
      "version": "0.1.0",
      "license": "UNLICENSED",
      "dependencies": {
        "@cep/assessment-core": "file:../assessment-core",
        "@cep/certification-engine": "file:../certification-engine",
        "@cep/evidence-manager": "file:../evidence-manager",
        "@cep/policy-resolver": "file:../policy-resolver",
        "@cep/rule-engine": "file:../rule-engine"
      }
    },
    "../provider-gateway": {
      "name": "@cep/provider-gateway",
      "version": "0.1.0",
      "license": "UNLICENSED",
      "dependencies": {
        "@cep/platform-orchestrator": "file:../platform-orchestrator"
      }
    },
    "../repository-gateway": {
      "name": "@cep/repository-gateway",
      "version": "0.1.0",
      "license": "UNLICENSED",
      "dependencies": {
        "@cep/assessment-core": "file:../assessment-core",
        "@cep/evidence-manager": "file:../evidence-manager",
        "@cep/platform-orchestrator": "file:../platform-orchestrator",
        "@cep/rule-engine": "file:../rule-engine"
      }
    },
    "node_modules/@cep/platform-orchestrator": {
      "resolved": "../platform-orchestrator",
      "link": true
    },
    "node_modules/@cep/provider-gateway": {
      "resolved": "../provider-gateway",
      "link": true
    },
    "node_modules/@cep/repository-gateway": {
      "resolved": "../repository-gateway",
      "link": true
    }
  }
}
