{
  "name": "@cep/platform-orchestrator",
  "version": "0.1.0",
  "lockfileVersion": 3,
  "requires": true,
  "packages": {
    "": {
      "name": "@cep/platform-orchestrator",
      "version": "0.1.0",
      "license": "UNLICENSED",
      "dependencies": {
        "@cep/assessment-core": "file:../assessment-core",
        "@cep/certification-engine": "file:../certification-engine",
        "@cep/evidence-manager": "file:../evidence-manager",
        "@cep/policy-resolver": "file:../policy-resolver",
        "@cep/rule-engine": "file:../rule-engine"
      }
    },
    "../assessment-core": {},
    "../certification-engine": {},
    "../evidence-manager": {},
    "../policy-resolver": {},
    "../rule-engine": {},
    "node_modules/@cep/assessment-core": {
      "resolved": "../assessment-core",
      "link": true
    },
    "node_modules/@cep/certification-engine": {
      "resolved": "../certification-engine",
      "link": true
    },
    "node_modules/@cep/evidence-manager": {
      "resolved": "../evidence-manager",
      "link": true
    },
    "node_modules/@cep/policy-resolver": {
      "resolved": "../policy-resolver",
      "link": true
    },
    "node_modules/@cep/rule-engine": {
      "resolved": "../rule-engine",
      "link": true
    }
  }
}
